
Microsoft Visual Studio Solution File, Format Version 12.00
# Visual Studio Version 17
VisualStudioVersion = 17.13.35913.81 d17.13
MinimumVisualStudioVersion = 10.0.40219.1
Project("{FAE04EC0-301F-11D3-BF4B-00C04F79EFBC}") = "While", "While.csproj", "{4E90DFD0-53DF-40C6-B5B4-D3A28C4F73C8}"
EndProject
Global
	GlobalSection(SolutionConfigurationPlatforms) = preSolution
		Debug|Any CPU = Debug|Any CPU
		Release|Any CPU = Release|Any CPU
	EndGlobalSection
	GlobalSection(ProjectConfigurationPlatforms) = postSolution
		{4E90DFD0-53DF-40C6-B5B4-D3A28C4F73C8}.Debug|Any CPU.ActiveCfg = Debug|Any CPU
		{4E90DFD0-53DF-40C6-B5B4-D3A28C4F73C8}.Debug|Any CPU.Build.0 = Debug|Any CPU
		{4E90DFD0-53DF-40C6-B5B4-D3A28C4F73C8}.Release|Any CPU.ActiveCfg = Release|Any CPU
		{4E90DFD0-53DF-40C6-B5B4-D3A28C4F73C8}.Release|Any CPU.Build.0 = Release|Any CPU
	EndGlobalSection
	GlobalSection(SolutionProperties) = preSolution
		HideSolutionNode = FALSE
	EndGlobalSection
	GlobalSection(ExtensibilityGlobals) = postSolution
		SolutionGuid = {345185F0-29D9-46FF-8501-748DCBDA6C8C}
	EndGlobalSection
EndGlobal
