
Microsoft Visual Studio Solution File, Format Version 12.00
# Visual Studio Version 17
VisualStudioVersion = 17.13.35913.81 d17.13
MinimumVisualStudioVersion = 10.0.40219.1
Project("{FAE04EC0-301F-11D3-BF4B-00C04F79EFBC}") = "DoWhile", "DoWhile.csproj", "{C1E0BBCC-DD92-40B9-BA5C-52EB17820617}"
EndProject
Global
	GlobalSection(SolutionConfigurationPlatforms) = preSolution
		Debug|Any CPU = Debug|Any CPU
		Release|Any CPU = Release|Any CPU
	EndGlobalSection
	GlobalSection(ProjectConfigurationPlatforms) = postSolution
		{C1E0BBCC-DD92-40B9-BA5C-52EB17820617}.Debug|Any CPU.ActiveCfg = Debug|Any CPU
		{C1E0BBCC-DD92-40B9-BA5C-52EB17820617}.Debug|Any CPU.Build.0 = Debug|Any CPU
		{C1E0BBCC-DD92-40B9-BA5C-52EB17820617}.Release|Any CPU.ActiveCfg = Release|Any CPU
		{C1E0BBCC-DD92-40B9-BA5C-52EB17820617}.Release|Any CPU.Build.0 = Release|Any CPU
	EndGlobalSection
	GlobalSection(SolutionProperties) = preSolution
		HideSolutionNode = FALSE
	EndGlobalSection
	GlobalSection(ExtensibilityGlobals) = postSolution
		SolutionGuid = {18B68FF2-0F6E-4773-83E5-C9E91E96C4E0}
	EndGlobalSection
EndGlobal
